
Microsoft Visual Studio Solution File, Format Version 12.00
# Visual Studio Version 17
VisualStudioVersion = 17.0.31903.59
MinimumVisualStudioVersion = 10.0.40219.1
Project("{2150E333-8FDC-42A3-9474-1A3956D46DE8}") = "src", "src", "{827E0CD3-B72D-47B6-A68D-7590B98EB39B}"
EndProject
Project("{FAE04EC0-301F-11D3-BF4B-00C04F79EFBC}") = "StoreHub.Api", "src\StoreHub.Api\StoreHub.Api.csproj", "{7941C5C7-566C-436C-AF17-CF031C8231C0}"
EndProject
Project("{FAE04EC0-301F-11D3-BF4B-00C04F79EFBC}") = "StoreHub.Domain", "src\StoreHub.Domain\StoreHub.Domain.csproj", "{C8CA702C-00A5-4D20-8D34-DBE169998965}"
EndProject
Project("{FAE04EC0-301F-11D3-BF4B-00C04F79EFBC}") = "StoreHub.Shared", "src\StoreHub.Shared\StoreHub.Shared.csproj", "{1292D698-7274-4D01-A69B-18FB4D99979F}"
EndProject
Project("{FAE04EC0-301F-11D3-BF4B-00C04F79EFBC}") = "StoreHub.Application", "src\StoreHub.Application\StoreHub.Application.csproj", "{A8618B46-0171-466F-B10B-DF36B7B2E386}"
EndProject
Project("{FAE04EC0-301F-11D3-BF4B-00C04F79EFBC}") = "StoreHub.Persistence", "src\StoreHub.Persistence\StoreHub.Persistence.csproj", "{EEAD26D1-338E-46A7-BAD7-D403737F0184}"
EndProject
Project("{FAE04EC0-301F-11D3-BF4B-00C04F79EFBC}") = "StoreHub.Infrastructure", "src\StoreHub.Infrastructure\StoreHub.Infrastructure.csproj", "{C50D3D8D-B6F5-4466-9AB3-D27B4E102136}"
EndProject
Global
	GlobalSection(SolutionConfigurationPlatforms) = preSolution
		Debug|Any CPU = Debug|Any CPU
		Debug|x64 = Debug|x64
		Debug|x86 = Debug|x86
		Release|Any CPU = Release|Any CPU
		Release|x64 = Release|x64
		Release|x86 = Release|x86
	EndGlobalSection
	GlobalSection(ProjectConfigurationPlatforms) = postSolution
		{C8CA702C-00A5-4D20-8D34-DBE169998965}.Debug|Any CPU.ActiveCfg = Debug|Any CPU
		{C8CA702C-00A5-4D20-8D34-DBE169998965}.Debug|Any CPU.Build.0 = Debug|Any CPU
		{C8CA702C-00A5-4D20-8D34-DBE169998965}.Debug|x64.ActiveCfg = Debug|Any CPU
		{C8CA702C-00A5-4D20-8D34-DBE169998965}.Debug|x64.Build.0 = Debug|Any CPU
		{C8CA702C-00A5-4D20-8D34-DBE169998965}.Debug|x86.ActiveCfg = Debug|Any CPU
		{C8CA702C-00A5-4D20-8D34-DBE169998965}.Debug|x86.Build.0 = Debug|Any CPU
		{C8CA702C-00A5-4D20-8D34-DBE169998965}.Release|Any CPU.ActiveCfg = Release|Any CPU
		{C8CA702C-00A5-4D20-8D34-DBE169998965}.Release|Any CPU.Build.0 = Release|Any CPU
		{C8CA702C-00A5-4D20-8D34-DBE169998965}.Release|x64.ActiveCfg = Release|Any CPU
		{C8CA702C-00A5-4D20-8D34-DBE169998965}.Release|x64.Build.0 = Release|Any CPU
		{C8CA702C-00A5-4D20-8D34-DBE169998965}.Release|x86.ActiveCfg = Release|Any CPU
		{C8CA702C-00A5-4D20-8D34-DBE169998965}.Release|x86.Build.0 = Release|Any CPU
		{1292D698-7274-4D01-A69B-18FB4D99979F}.Debug|Any CPU.ActiveCfg = Debug|Any CPU
		{1292D698-7274-4D01-A69B-18FB4D99979F}.Debug|Any CPU.Build.0 = Debug|Any CPU
		{1292D698-7274-4D01-A69B-18FB4D99979F}.Debug|x64.ActiveCfg = Debug|Any CPU
		{1292D698-7274-4D01-A69B-18FB4D99979F}.Debug|x64.Build.0 = Debug|Any CPU
		{1292D698-7274-4D01-A69B-18FB4D99979F}.Debug|x86.ActiveCfg = Debug|Any CPU
		{1292D698-7274-4D01-A69B-18FB4D99979F}.Debug|x86.Build.0 = Debug|Any CPU
		{1292D698-7274-4D01-A69B-18FB4D99979F}.Release|Any CPU.ActiveCfg = Release|Any CPU
		{1292D698-7274-4D01-A69B-18FB4D99979F}.Release|Any CPU.Build.0 = Release|Any CPU
		{1292D698-7274-4D01-A69B-18FB4D99979F}.Release|x64.ActiveCfg = Release|Any CPU
		{1292D698-7274-4D01-A69B-18FB4D99979F}.Release|x64.Build.0 = Release|Any CPU
		{1292D698-7274-4D01-A69B-18FB4D99979F}.Release|x86.ActiveCfg = Release|Any CPU
		{1292D698-7274-4D01-A69B-18FB4D99979F}.Release|x86.Build.0 = Release|Any CPU
		{A8618B46-0171-466F-B10B-DF36B7B2E386}.Debug|Any CPU.ActiveCfg = Debug|Any CPU
		{A8618B46-0171-466F-B10B-DF36B7B2E386}.Debug|Any CPU.Build.0 = Debug|Any CPU
		{A8618B46-0171-466F-B10B-DF36B7B2E386}.Debug|x64.ActiveCfg = Debug|Any CPU
		{A8618B46-0171-466F-B10B-DF36B7B2E386}.Debug|x64.Build.0 = Debug|Any CPU
		{A8618B46-0171-466F-B10B-DF36B7B2E386}.Debug|x86.ActiveCfg = Debug|Any CPU
		{A8618B46-0171-466F-B10B-DF36B7B2E386}.Debug|x86.Build.0 = Debug|Any CPU
		{A8618B46-0171-466F-B10B-DF36B7B2E386}.Release|Any CPU.ActiveCfg = Release|Any CPU
		{A8618B46-0171-466F-B10B-DF36B7B2E386}.Release|Any CPU.Build.0 = Release|Any CPU
		{A8618B46-0171-466F-B10B-DF36B7B2E386}.Release|x64.ActiveCfg = Release|Any CPU
		{A8618B46-0171-466F-B10B-DF36B7B2E386}.Release|x64.Build.0 = Release|Any CPU
		{A8618B46-0171-466F-B10B-DF36B7B2E386}.Release|x86.ActiveCfg = Release|Any CPU
		{A8618B46-0171-466F-B10B-DF36B7B2E386}.Release|x86.Build.0 = Release|Any CPU
		{EEAD26D1-338E-46A7-BAD7-D403737F0184}.Debug|Any CPU.ActiveCfg = Debug|Any CPU
		{EEAD26D1-338E-46A7-BAD7-D403737F0184}.Debug|Any CPU.Build.0 = Debug|Any CPU
		{EEAD26D1-338E-46A7-BAD7-D403737F0184}.Debug|x64.ActiveCfg = Debug|Any CPU
		{EEAD26D1-338E-46A7-BAD7-D403737F0184}.Debug|x64.Build.0 = Debug|Any CPU
		{EEAD26D1-338E-46A7-BAD7-D403737F0184}.Debug|x86.ActiveCfg = Debug|Any CPU
		{EEAD26D1-338E-46A7-BAD7-D403737F0184}.Debug|x86.Build.0 = Debug|Any CPU
		{EEAD26D1-338E-46A7-BAD7-D403737F0184}.Release|Any CPU.ActiveCfg = Release|Any CPU
		{EEAD26D1-338E-46A7-BAD7-D403737F0184}.Release|Any CPU.Build.0 = Release|Any CPU
		{EEAD26D1-338E-46A7-BAD7-D403737F0184}.Release|x64.ActiveCfg = Release|Any CPU
		{EEAD26D1-338E-46A7-BAD7-D403737F0184}.Release|x64.Build.0 = Release|Any CPU
		{EEAD26D1-338E-46A7-BAD7-D403737F0184}.Release|x86.ActiveCfg = Release|Any CPU
		{EEAD26D1-338E-46A7-BAD7-D403737F0184}.Release|x86.Build.0 = Release|Any CPU
		{C50D3D8D-B6F5-4466-9AB3-D27B4E102136}.Debug|Any CPU.ActiveCfg = Debug|Any CPU
		{C50D3D8D-B6F5-4466-9AB3-D27B4E102136}.Debug|Any CPU.Build.0 = Debug|Any CPU
		{C50D3D8D-B6F5-4466-9AB3-D27B4E102136}.Debug|x64.ActiveCfg = Debug|Any CPU
		{C50D3D8D-B6F5-4466-9AB3-D27B4E102136}.Debug|x64.Build.0 = Debug|Any CPU
		{C50D3D8D-B6F5-4466-9AB3-D27B4E102136}.Debug|x86.ActiveCfg = Debug|Any CPU
		{C50D3D8D-B6F5-4466-9AB3-D27B4E102136}.Debug|x86.Build.0 = Debug|Any CPU
		{C50D3D8D-B6F5-4466-9AB3-D27B4E102136}.Release|Any CPU.ActiveCfg = Release|Any CPU
		{C50D3D8D-B6F5-4466-9AB3-D27B4E102136}.Release|Any CPU.Build.0 = Release|Any CPU
		{C50D3D8D-B6F5-4466-9AB3-D27B4E102136}.Release|x64.ActiveCfg = Release|Any CPU
		{C50D3D8D-B6F5-4466-9AB3-D27B4E102136}.Release|x64.Build.0 = Release|Any CPU
		{C50D3D8D-B6F5-4466-9AB3-D27B4E102136}.Release|x86.ActiveCfg = Release|Any CPU
		{C50D3D8D-B6F5-4466-9AB3-D27B4E102136}.Release|x86.Build.0 = Release|Any CPU
		{7941C5C7-566C-436C-AF17-CF031C8231C0}.Debug|Any CPU.ActiveCfg = Debug|Any CPU
		{7941C5C7-566C-436C-AF17-CF031C8231C0}.Debug|Any CPU.Build.0 = Debug|Any CPU
		{7941C5C7-566C-436C-AF17-CF031C8231C0}.Debug|x64.ActiveCfg = Debug|Any CPU
		{7941C5C7-566C-436C-AF17-CF031C8231C0}.Debug|x64.Build.0 = Debug|Any CPU
		{7941C5C7-566C-436C-AF17-CF031C8231C0}.Debug|x86.ActiveCfg = Debug|Any CPU
		{7941C5C7-566C-436C-AF17-CF031C8231C0}.Debug|x86.Build.0 = Debug|Any CPU
		{7941C5C7-566C-436C-AF17-CF031C8231C0}.Release|Any CPU.ActiveCfg = Release|Any CPU
		{7941C5C7-566C-436C-AF17-CF031C8231C0}.Release|Any CPU.Build.0 = Release|Any CPU
		{7941C5C7-566C-436C-AF17-CF031C8231C0}.Release|x64.ActiveCfg = Release|Any CPU
		{7941C5C7-566C-436C-AF17-CF031C8231C0}.Release|x64.Build.0 = Release|Any CPU
		{7941C5C7-566C-436C-AF17-CF031C8231C0}.Release|x86.ActiveCfg = Release|Any CPU
		{7941C5C7-566C-436C-AF17-CF031C8231C0}.Release|x86.Build.0 = Release|Any CPU
	EndGlobalSection
	GlobalSection(SolutionProperties) = preSolution
		HideSolutionNode = FALSE
	EndGlobalSection
	GlobalSection(NestedProjects) = preSolution
		{7941C5C7-566C-436C-AF17-CF031C8231C0} = {827E0CD3-B72D-47B6-A68D-7590B98EB39B}
		{C8CA702C-00A5-4D20-8D34-DBE169998965} = {827E0CD3-B72D-47B6-A68D-7590B98EB39B}
		{1292D698-7274-4D01-A69B-18FB4D99979F} = {827E0CD3-B72D-47B6-A68D-7590B98EB39B}
		{A8618B46-0171-466F-B10B-DF36B7B2E386} = {827E0CD3-B72D-47B6-A68D-7590B98EB39B}
		{EEAD26D1-338E-46A7-BAD7-D403737F0184} = {827E0CD3-B72D-47B6-A68D-7590B98EB39B}
		{C50D3D8D-B6F5-4466-9AB3-D27B4E102136} = {827E0CD3-B72D-47B6-A68D-7590B98EB39B}
	EndGlobalSection
EndGlobal
